{
  "name": "typechat",
  "lockfileVersion": 3,
  "requires": true,
  "packages": {
    "": {
      "dependencies": {
        "dotenv": "^16.4.5",
        "find-config": "^1.0.0"
      },
      "devDependencies": {
        "@types/find-config": "^1.0.4",
        "@types/node": "^20.12.4",
        "typechat": "^0.1.0",
        "typescript": "^5.4.4"
      }
    },
    "node_modules/@types/find-config": {
      "version": "1.0.4",
      "resolved": "https://registry.npmjs.org/@types/find-config/-/find-config-1.0.4.tgz",
      "integrity": "sha512-BCXaKgzHK7KnfCQBRQBWGTA+QajOE9uFolXPt+9EktiiMS56D8oXF2ZCh9eCxuEyfqDmX/mYIcmWg9j9f659eg==",
      "dev": true
    },
    "node_modules/@types/node": {
      "version": "20.12.4",
      "resolved": "https://registry.npmjs.org/@types/node/-/node-20.12.4.tgz",
      "integrity": "sha512-E+Fa9z3wSQpzgYQdYmme5X3OTuejnnTx88A6p6vkkJosR3KBz+HpE3kqNm98VE6cfLFcISx7zW7MsJkH6KwbTw==",
      "dev": true,
      "dependencies": {
        "undici-types": "~5.26.4"
      }
    },
    "node_modules/dotenv": {
      "version": "16.4.5",
      "resolved": "https://registry.npmjs.org/dotenv/-/dotenv-16.4.5.tgz",
      "integrity": "sha512-ZmdL2rui+eB2YwhsWzjInR8LldtZHGDoQ1ugH85ppHKwpUHL7j7rN0Ti9NCnGiQbhaZ11FpR+7ao1dNsmduNUg==",
      "engines": {
        "node": ">=12"
      },
      "funding": {
        "url": "https://dotenvx.com"
      }
    },
    "node_modules/find-config": {
      "version": "1.0.0",
      "resolved": "https://registry.npmjs.org/find-config/-/find-config-1.0.0.tgz",
      "integrity": "sha512-Z+suHH+7LSE40WfUeZPIxSxypCWvrzdVc60xAjUShZeT5eMWM0/FQUduq3HjluyfAHWvC/aOBkT1pTZktyF/jg==",
      "dependencies": {
        "user-home": "^2.0.0"
      },
      "engines": {
        "node": ">= 0.12"
      }
    },
    "node_modules/os-homedir": {
      "version": "1.0.2",
      "resolved": "https://registry.npmjs.org/os-homedir/-/os-homedir-1.0.2.tgz",
      "integrity": "sha512-B5JU3cabzk8c67mRRd3ECmROafjYMXbuzlwtqdM8IbS8ktlTix8aFGb2bAGKrSRIlnfKwovGUUr72JUPyOb6kQ==",
      "engines": {
        "node": ">=0.10.0"
      }
    },
    "node_modules/typechat": {
      "version": "0.1.0",
      "resolved": "https://registry.npmjs.org/typechat/-/typechat-0.1.0.tgz",
      "integrity": "sha512-1QeypvhyoXz/1DssDq8NbIzRHX3V20b+TWfrO7t4wd3o8OygcQO3Zo9MRNSBwK0Pyw+Fw6MmE/hOFi372gpvzA==",
      "dev": true,
      "workspaces": [
        "./",
        "./examples/*"
      ],
      "engines": {
        "node": ">=18"
      },
      "peerDependencies": {
        "typescript": "^5.3.3",
        "zod": "^3.22.4"
      },
      "peerDependenciesMeta": {
        "typescript": {
          "optional": true
        },
        "zod": {
          "optional": true
        }
      }
    },
    "node_modules/typescript": {
      "version": "5.4.4",
      "resolved": "https://registry.npmjs.org/typescript/-/typescript-5.4.4.tgz",
      "integrity": "sha512-dGE2Vv8cpVvw28v8HCPqyb08EzbBURxDpuhJvTrusShUfGnhHBafDsLdS1EhhxyL6BJQE+2cT3dDPAv+MQ6oLw==",
      "dev": true,
      "bin": {
        "tsc": "bin/tsc",
        "tsserver": "bin/tsserver"
      },
      "engines": {
        "node": ">=14.17"
      }
    },
    "node_modules/undici-types": {
      "version": "5.26.5",
      "resolved": "https://registry.npmjs.org/undici-types/-/undici-types-5.26.5.tgz",
      "integrity": "sha512-JlCMO+ehdEIKqlFxk6IfVoAUVmgz7cU7zD/h9XZ0qzeosSHmUJVOzSQvvYSYWXkFXC+IfLKSIffhv0sVZup6pA==",
      "dev": true
    },
    "node_modules/user-home": {
      "version": "2.0.0",
      "resolved": "https://registry.npmjs.org/user-home/-/user-home-2.0.0.tgz",
      "integrity": "sha512-KMWqdlOcjCYdtIJpicDSFBQ8nFwS2i9sslAd6f4+CBGcU4gist2REnr2fxj2YocvJFxSF3ZOHLYLVZnUxv4BZQ==",
      "dependencies": {
        "os-homedir": "^1.0.0"
      },
      "engines": {
        "node": ">=0.10.0"
      }
    }
  }
}
